// !$*UTF8*$!
{
	archiveVersion = 1;
	classes = {
	};
	objectVersion = 77;
	objects = {

/* Begin PBXContainerItemProxy section */
		B48BA8102E049EEB0060DCD3 /* PBXContainerItemProxy */ = {
			isa = PBXContainerItemProxy;
			containerPortal = B48BA7FA2E049EEA0060DCD3 /* Project object */;
			proxyType = 1;
			remoteGlobalIDString = B48BA8012E049EEA0060DCD3;
			remoteInfo = MySchdules;
		};
		B48BA81A2E049EEB0060DCD3 /* PBXContainerItemProxy */ = {
			isa = PBXContainerItemProxy;
			containerPortal = B48BA7FA2E049EEA0060DCD3 /* Project object */;
			proxyType = 1;
			remoteGlobalIDString = B48BA8012E049EEA0060DCD3;
			remoteInfo = MySchdules;
		};
/* End PBXContainerItemProxy section */

/* Begin PBXFileReference section */
		B48BA8022E049EEA0060DCD3 /* MySchdules.app */ = {isa = PBXFileReference; explicitFileType = wrapper.application; includeInIndex = 0; path = MySchdules.app; sourceTree = BUILT_PRODUCTS_DIR; };
		B48BA80F2E049EEB0060DCD3 /* MySchdulesTests.xctest */ = {isa = PBXFileReference; explicitFileType = wrapper.cfbundle; includeInIndex = 0; path = MySchdulesTests.xctest; sourceTree = BUILT_PRODUCTS_DIR; };
		B48BA8192E049EEB0060DCD3 /* MySchdulesUITests.xctest */ = {isa = PBXFileReference; explicitFileType = wrapper.cfbundle; includeInIndex = 0; path = MySchdulesUITests.xctest; sourceTree = BUILT_PRODUCTS_DIR; };
/* End PBXFileReference section */

/* Begin PBXFileSystemSynchronizedRootGroup section */
		B48BA8042E049EEA0060DCD3 /* MySchdules */ = {
			isa = PBXFileSystemSynchronizedRootGroup;
			path = MySchdules;
			sourceTree = "<group>";
		};
		B48BA8122E049EEB0060DCD3 /* MySchdulesTests */ = {
			isa = PBXFileSystemSynchronizedRootGroup;
			path = MySchdulesTests;
			sourceTree = "<group>";
		};
		B48BA81C2E049EEB0060DCD3 /* MySchdulesUITests */ = {
			isa = PBXFileSystemSynchronizedRootGroup;
			path = MySchdulesUITests;
			sourceTree = "<group>";
		};
/* End PBXFileSystemSynchronizedRootGroup section */

/* Begin PBXFrameworksBuildPhase section */
		B48BA7FF2E049EEA0060DCD3 /* Frameworks */ = {
			isa = PBXFrameworksBuildPhase;
			buildActionMask = 2147483647;
			files = (
			);
			runOnlyForDeploymentPostprocessing = 0;
		};
		B48BA80C2E049EEB0060DCD3 /* Frameworks */ = {
			isa = PBXFrameworksBuildPhase;
			buildActionMask = 2147483647;
			files = (
			);
			runOnlyForDeploymentPostprocessing = 0;
		};
		B48BA8162E049EEB0060DCD3 /* Frameworks */ = {
			isa = PBXFrameworksBuildPhase;
			buildActionMask = 2147483647;
			files = (
			);
			runOnlyForDeploymentPostprocessing = 0;
		};
/* End PBXFrameworksBuildPhase section */

/* Begin PBXGroup section */
		B48BA7F92E049EEA0060DCD3 = {
			isa = PBXGroup;
			children = (
				B48BA8042E049EEA0060DCD3 /* MySchdules */,
				B48BA8122E049EEB0060DCD3 /* MySchdulesTests */,
				B48BA81C2E049EEB0060DCD3 /* MySchdulesUITests */,
				B48BA8032E049EEA0060DCD3 /* Products */,
			);
			sourceTree = "<group>";
		};
		B48BA8032E049EEA0060DCD3 /* Products */ = {
			isa = PBXGroup;
			children = (
				B48BA8022E049EEA0060DCD3 /* MySchdules.app */,
				B48BA80F2E049EEB0060DCD3 /* MySchdulesTests.xctest */,
				B48BA8192E049EEB0060DCD3 /* MySchdulesUITests.xctest */,
			);
			name = Products;
			sourceTree = "<group>";
		};
/* End PBXGroup section */

/* Begin PBXNativeTarget section */
		B48BA8012E049EEA0060DCD3 /* MySchdules */ = {
			isa = PBXNativeTarget;
			buildConfigurationList = B48BA8232E049EEB0060DCD3 /* Build configuration list for PBXNativeTarget "MySchdules" */;
			buildPhases = (
				B48BA7FE2E049EEA0060DCD3 /* Sources */,
				B48BA7FF2E049EEA0060DCD3 /* Frameworks */,
				B48BA8002E049EEA0060DCD3 /* Resources */,
			);
			buildRules = (
			);
			dependencies = (
			);
			fileSystemSynchronizedGroups = (
				B48BA8042E049EEA0060DCD3 /* MySchdules */,
			);
			name = MySchdules;
			packageProductDependencies = (
			);
			productName = MySchdules;
			productReference = B48BA8022E049EEA0060DCD3 /* MySchdules.app */;
			productType = "com.apple.product-type.application";
		};
		B48BA80E2E049EEB0060DCD3 /* MySchdulesTests */ = {
			isa = PBXNativeTarget;
			buildConfigurationList = B48BA8262E049EEB0060DCD3 /* Build configuration list for PBXNativeTarget "MySchdulesTests" */;
			buildPhases = (
				B48BA80B2E049EEB0060DCD3 /* Sources */,
				B48BA80C2E049EEB0060DCD3 /* Frameworks */,
				B48BA80D2E049EEB0060DCD3 /* Resources */,
			);
			buildRules = (
			);
			dependencies = (
				B48BA8112E049EEB0060DCD3 /* PBXTargetDependency */,
			);
			fileSystemSynchronizedGroups = (
				B48BA8122E049EEB0060DCD3 /* MySchdulesTests */,
			);
			name = MySchdulesTests;
			packageProductDependencies = (
			);
			productName = MySchdulesTests;
			productReference = B48BA80F2E049EEB0060DCD3 /* MySchdulesTests.xctest */;
			productType = "com.apple.product-type.bundle.unit-test";
		};
		B48BA8182E049EEB0060DCD3 /* MySchdulesUITests */ = {
			isa = PBXNativeTarget;
			buildConfigurationList = B48BA8292E049EEB0060DCD3 /* Build configuration list for PBXNativeTarget "MySchdulesUITests" */;
			buildPhases = (
				B48BA8152E049EEB0060DCD3 /* Sources */,
				B48BA8162E049EEB0060DCD3 /* Frameworks */,
				B48BA8172E049EEB0060DCD3 /* Resources */,
			);
			buildRules = (
			);
			dependencies = (
				B48BA81B2E049EEB0060DCD3 /* PBXTargetDependency */,
			);
			fileSystemSynchronizedGroups = (
				B48BA81C2E049EEB0060DCD3 /* MySchdulesUITests */,
			);
			name = MySchdulesUITests;
			packageProductDependencies = (
			);
			productName = MySchdulesUITests;
			productReference = B48BA8192E049EEB0060DCD3 /* MySchdulesUITests.xctest */;
			productType = "com.apple.product-type.bundle.ui-testing";
		};
/* End PBXNativeTarget section */

/* Begin PBXProject section */
		B48BA7FA2E049EEA0060DCD3 /* Project object */ = {
			isa = PBXProject;
			attributes = {
				BuildIndependentTargetsInParallel = 1;
				LastSwiftUpdateCheck = 1640;
				LastUpgradeCheck = 1640;
				TargetAttributes = {
					B48BA8012E049EEA0060DCD3 = {
						CreatedOnToolsVersion = 16.4;
					};
					B48BA80E2E049EEB0060DCD3 = {
						CreatedOnToolsVersion = 16.4;
						TestTargetID = B48BA8012E049EEA0060DCD3;
					};
					B48BA8182E049EEB0060DCD3 = {
						CreatedOnToolsVersion = 16.4;
						TestTargetID = B48BA8012E049EEA0060DCD3;
					};
				};
			};
			buildConfigurationList = B48BA7FD2E049EEA0060DCD3 /* Build configuration list for PBXProject "MySchdules" */;
			developmentRegion = en;
			hasScannedForEncodings = 0;
			knownRegions = (
				en,
				Base,
			);
			mainGroup = B48BA7F92E049EEA0060DCD3;
			minimizedProjectReferenceProxies = 1;
			preferredProjectObjectVersion = 77;
			productRefGroup = B48BA8032E049EEA0060DCD3 /* Products */;
			projectDirPath = "";
			projectRoot = "";
			targets = (
				B48BA8012E049EEA0060DCD3 /* MySchdules */,
				B48BA80E2E049EEB0060DCD3 /* MySchdulesTests */,
				B48BA8182E049EEB0060DCD3 /* MySchdulesUITests */,
			);
		};
/* End PBXProject section */

/* Begin PBXResourcesBuildPhase section */
		B48BA8002E049EEA0060DCD3 /* Resources */ = {
			isa = PBXResourcesBuildPhase;
			buildActionMask = 2147483647;
			files = (
			);
			runOnlyForDeploymentPostprocessing = 0;
		};
		B48BA80D2E049EEB0060DCD3 /* Resources */ = {
			isa = PBXResourcesBuildPhase;
			buildActionMask = 2147483647;
			files = (
			);
			runOnlyForDeploymentPostprocessing = 0;
		};
		B48BA8172E049EEB0060DCD3 /* Resources */ = {
			isa = PBXResourcesBuildPhase;
			buildActionMask = 2147483647;
			files = (
			);
			runOnlyForDeploymentPostprocessing = 0;
		};
/* End PBXResourcesBuildPhase section */

/* Begin PBXSourcesBuildPhase section */
		B48BA7FE2E049EEA0060DCD3 /* Sources */ = {
			isa = PBXSourcesBuildPhase;
			buildActionMask = 2147483647;
			files = (
			);
			runOnlyForDeploymentPostprocessing = 0;
		};
		B48BA80B2E049EEB0060DCD3 /* Sources */ = {
			isa = PBXSourcesBuildPhase;
			buildActionMask = 2147483647;
			files = (
			);
			runOnlyForDeploymentPostprocessing = 0;
		};
		B48BA8152E049EEB0060DCD3 /* Sources */ = {
			isa = PBXSourcesBuildPhase;
			buildActionMask = 2147483647;
			files = (
			);
			runOnlyForDeploymentPostprocessing = 0;
		};
/* End PBXSourcesBuildPhase section */

/* Begin PBXTargetDependency section */
		B48BA8112E049EEB0060DCD3 /* PBXTargetDependency */ = {
			isa = PBXTargetDependency;
			target = B48BA8012E049EEA0060DCD3 /* MySchdules */;
			targetProxy = B48BA8102E049EEB0060DCD3 /* PBXContainerItemProxy */;
		};
		B48BA81B2E049EEB0060DCD3 /* PBXTargetDependency */ = {
			isa = PBXTargetDependency;
			target = B48BA8012E049EEA0060DCD3 /* MySchdules */;
			targetProxy = B48BA81A2E049EEB0060DCD3 /* PBXContainerItemProxy */;
		};
/* End PBXTargetDependency section */

/* Begin XCBuildConfiguration section */
		B48BA8212E049EEB0060DCD3 /* Debug */ = {
			isa = XCBuildConfiguration;
			buildSettings = {
				ALWAYS_SEARCH_USER_PATHS = NO;
				ASSETCATALOG_COMPILER_GENERATE_SWIFT_ASSET_SYMBOL_EXTENSIONS = YES;
				CLANG_ANALYZER_NONNULL = YES;
				CLANG_ANALYZER_NUMBER_OBJECT_CONVERSION = YES_AGGRESSIVE;
				CLANG_CXX_LANGUAGE_STANDARD = "gnu++20";
				CLANG_ENABLE_MODULES = YES;
				CLANG_ENABLE_OBJC_ARC = YES;
				CLANG_ENABLE_OBJC_WEAK = YES;
				CLANG_WARN_BLOCK_CAPTURE_AUTORELEASING = YES;
				CLANG_WARN_BOOL_CONVERSION = YES;
				CLANG_WARN_COMMA = YES;
				CLANG_WARN_CONSTANT_CONVERSION = YES;
				CLANG_WARN_DEPRECATED_OBJC_IMPLEMENTATIONS = YES;
				CLANG_WARN_DIRECT_OBJC_ISA_USAGE = YES_ERROR;
				CLANG_WARN_DOCUMENTATION_COMMENTS = YES;
				CLANG_WARN_EMPTY_BODY = YES;
				CLANG_WARN_ENUM_CONVERSION = YES;
				CLANG_WARN_INFINITE_RECURSION = YES;
				CLANG_WARN_INT_CONVERSION = YES;
				CLANG_WARN_NON_LITERAL_NULL_CONVERSION = YES;
				CLANG_WARN_OBJC_IMPLICIT_RETAIN_SELF = YES;
				CLANG_WARN_OBJC_LITERAL_CONVERSION = YES;
				CLANG_WARN_OBJC_ROOT_CLASS = YES_ERROR;
				CLANG_WARN_QUOTED_INCLUDE_IN_FRAMEWORK_HEADER = YES;
				CLANG_WARN_RANGE_LOOP_ANALYSIS = YES;
				CLANG_WARN_STRICT_PROTOTYPES = YES;
				CLANG_WARN_SUSPICIOUS_MOVE = YES;
				CLANG_WARN_UNGUARDED_AVAILABILITY = YES_AGGRESSIVE;
				CLANG_WARN_UNREACHABLE_CODE = YES;
				CLANG_WARN__DUPLICATE_METHOD_MATCH = YES;
				COPY_PHASE_STRIP = NO;
				DEBUG_INFORMATION_FORMAT = dwarf;
				ENABLE_STRICT_OBJC_MSGSEND = YES;
				ENABLE_TESTABILITY = YES;
				ENABLE_USER_SCRIPT_SANDBOXING = YES;
				GCC_C_LANGUAGE_STANDARD = gnu17;
				GCC_DYNAMIC_NO_PIC = NO;
				GCC_NO_COMMON_BLOCKS = YES;
				GCC_OPTIMIZATION_LEVEL = 0;
				GCC_PREPROCESSOR_DEFINITIONS = (
					"DEBUG=1",
					"$(inherited)",
				);
				GCC_WARN_64_TO_32_BIT_CONVERSION = YES;
				GCC_WARN_ABOUT_RETURN_TYPE = YES_ERROR;
				GCC_WARN_UNDECLARED_SELECTOR = YES;
				GCC_WARN_UNINITIALIZED_AUTOS = YES_AGGRESSIVE;
				GCC_WARN_UNUSED_FUNCTION = YES;
				GCC_WARN_UNUSED_VARIABLE = YES;
				IPHONEOS_DEPLOYMENT_TARGET = 18.5;
				LOCALIZATION_PREFERS_STRING_CATALOGS = YES;
				MTL_ENABLE_DEBUG_INFO = INCLUDE_SOURCE;
				MTL_FAST_MATH = YES;
				ONLY_ACTIVE_ARCH = YES;
				SDKROOT = iphoneos;
				SWIFT_ACTIVE_COMPILATION_CONDITIONS = "DEBUG $(inherited)";
				SWIFT_OPTIMIZATION_LEVEL = "-Onone";
			};
			name = Debug;
		};
		B48BA8222E049EEB0060DCD3 /* Release */ = {
			isa = XCBuildConfiguration;
			buildSettings = {
				ALWAYS_SEARCH_USER_PATHS = NO;
				ASSETCATALOG_COMPILER_GENERATE_SWIFT_ASSET_SYMBOL_EXTENSIONS = YES;
				CLANG_ANALYZER_NONNULL = YES;
				CLANG_ANALYZER_NUMBER_OBJECT_CONVERSION = YES_AGGRESSIVE;
				CLANG_CXX_LANGUAGE_STANDARD = "gnu++20";
				CLANG_ENABLE_MODULES = YES;
				CLANG_ENABLE_OBJC_ARC = YES;
				CLANG_ENABLE_OBJC_WEAK = YES;
				CLANG_WARN_BLOCK_CAPTURE_AUTORELEASING = YES;
				CLANG_WARN_BOOL_CONVERSION = YES;
				CLANG_WARN_COMMA = YES;
				CLANG_WARN_CONSTANT_CONVERSION = YES;
				CLANG_WARN_DEPRECATED_OBJC_IMPLEMENTATIONS = YES;
				CLANG_WARN_DIRECT_OBJC_ISA_USAGE = YES_ERROR;
				CLANG_WARN_DOCUMENTATION_COMMENTS = YES;
				CLANG_WARN_EMPTY_BODY = YES;
				CLANG_WARN_ENUM_CONVERSION = YES;
				CLANG_WARN_INFINITE_RECURSION = YES;
				CLANG_WARN_INT_CONVERSION = YES;
				CLANG_WARN_NON_LITERAL_NULL_CONVERSION = YES;
				CLANG_WARN_OBJC_IMPLICIT_RETAIN_SELF = YES;
				CLANG_WARN_OBJC_LITERAL_CONVERSION = YES;
				CLANG_WARN_OBJC_ROOT_CLASS = YES_ERROR;
				CLANG_WARN_QUOTED_INCLUDE_IN_FRAMEWORK_HEADER = YES;
				CLANG_WARN_RANGE_LOOP_ANALYSIS = YES;
				CLANG_WARN_STRICT_PROTOTYPES = YES;
				CLANG_WARN_SUSPICIOUS_MOVE = YES;
				CLANG_WARN_UNGUARDED_AVAILABILITY = YES_AGGRESSIVE;
				CLANG_WARN_UNREACHABLE_CODE = YES;
				CLANG_WARN__DUPLICATE_METHOD_MATCH = YES;
				COPY_PHASE_STRIP = NO;
				DEBUG_INFORMATION_FORMAT = "dwarf-with-dsym";
				ENABLE_NS_ASSERTIONS = NO;
				ENABLE_STRICT_OBJC_MSGSEND = YES;
				ENABLE_USER_SCRIPT_SANDBOXING = YES;
				GCC_C_LANGUAGE_STANDARD = gnu17;
				GCC_NO_COMMON_BLOCKS = YES;
				GCC_WARN_64_TO_32_BIT_CONVERSION = YES;
				GCC_WARN_ABOUT_RETURN_TYPE = YES_ERROR;
				GCC_WARN_UNDECLARED_SELECTOR = YES;
				GCC_WARN_UNINITIALIZED_AUTOS = YES_AGGRESSIVE;
				GCC_WARN_UNUSED_FUNCTION = YES;
				GCC_WARN_UNUSED_VARIABLE = YES;
				IPHONEOS_DEPLOYMENT_TARGET = 18.5;
				LOCALIZATION_PREFERS_STRING_CATALOGS = YES;
				MTL_ENABLE_DEBUG_INFO = NO;
				MTL_FAST_MATH = YES;
				SDKROOT = iphoneos;
				SWIFT_COMPILATION_MODE = wholemodule;
				VALIDATE_PRODUCT = YES;
			};
			name = Release;
		};
		B48BA8242E049EEB0060DCD3 /* Debug */ = {
			isa = XCBuildConfiguration;
			buildSettings = {
				ASSETCATALOG_COMPILER_APPICON_NAME = AppIcon;
				ASSETCATALOG_COMPILER_GLOBAL_ACCENT_COLOR_NAME = AccentColor;
				CODE_SIGN_STYLE = Automatic;
				CURRENT_PROJECT_VERSION = 1;
				ENABLE_PREVIEWS = YES;
				GENERATE_INFOPLIST_FILE = YES;
				INFOPLIST_KEY_UIApplicationSceneManifest_Generation = YES;
				INFOPLIST_KEY_UIApplicationSupportsIndirectInputEvents = YES;
				INFOPLIST_KEY_UILaunchScreen_Generation = YES;
				INFOPLIST_KEY_UISupportedInterfaceOrientations_iPad = "UIInterfaceOrientationPortrait UIInterfaceOrientationPortraitUpsideDown UIInterfaceOrientationLandscapeLeft UIInterfaceOrientationLandscapeRight";
				INFOPLIST_KEY_UISupportedInterfaceOrientations_iPhone = "UIInterfaceOrientationPortrait UIInterfaceOrientationLandscapeLeft UIInterfaceOrientationLandscapeRight";
				LD_RUNPATH_SEARCH_PATHS = (
					"$(inherited)",
					"@executable_path/Frameworks",
				);
				MARKETING_VERSION = 1.0;
				PRODUCT_BUNDLE_IDENTIFIER = "Rajendran-Eshwaran.MySchdules";
				PRODUCT_NAME = "$(TARGET_NAME)";
				SWIFT_EMIT_LOC_STRINGS = YES;
				SWIFT_VERSION = 5.0;
				TARGETED_DEVICE_FAMILY = "1,2";
			};
			name = Debug;
		};
		B48BA8252E049EEB0060DCD3 /* Release */ = {
			isa = XCBuildConfiguration;
			buildSettings = {
				ASSETCATALOG_COMPILER_APPICON_NAME = AppIcon;
				ASSETCATALOG_COMPILER_GLOBAL_ACCENT_COLOR_NAME = AccentColor;
				CODE_SIGN_STYLE = Automatic;
				CURRENT_PROJECT_VERSION = 1;
				ENABLE_PREVIEWS = YES;
				GENERATE_INFOPLIST_FILE = YES;
				INFOPLIST_KEY_UIApplicationSceneManifest_Generation = YES;
				INFOPLIST_KEY_UIApplicationSupportsIndirectInputEvents = YES;
				INFOPLIST_KEY_UILaunchScreen_Generation = YES;
				INFOPLIST_KEY_UISupportedInterfaceOrientations_iPad = "UIInterfaceOrientationPortrait UIInterfaceOrientationPortraitUpsideDown UIInterfaceOrientationLandscapeLeft UIInterfaceOrientationLandscapeRight";
				INFOPLIST_KEY_UISupportedInterfaceOrientations_iPhone = "UIInterfaceOrientationPortrait UIInterfaceOrientationLandscapeLeft UIInterfaceOrientationLandscapeRight";
				LD_RUNPATH_SEARCH_PATHS = (
					"$(inherited)",
					"@executable_path/Frameworks",
				);
				MARKETING_VERSION = 1.0;
				PRODUCT_BUNDLE_IDENTIFIER = "Rajendran-Eshwaran.MySchdules";
				PRODUCT_NAME = "$(TARGET_NAME)";
				SWIFT_EMIT_LOC_STRINGS = YES;
				SWIFT_VERSION = 5.0;
				TARGETED_DEVICE_FAMILY = "1,2";
			};
			name = Release;
		};
		B48BA8272E049EEB0060DCD3 /* Debug */ = {
			isa = XCBuildConfiguration;
			buildSettings = {
				BUNDLE_LOADER = "$(TEST_HOST)";
				CODE_SIGN_STYLE = Automatic;
				CURRENT_PROJECT_VERSION = 1;
				GENERATE_INFOPLIST_FILE = YES;
				IPHONEOS_DEPLOYMENT_TARGET = 18.5;
				MARKETING_VERSION = 1.0;
				PRODUCT_BUNDLE_IDENTIFIER = "Rajendran-Eshwaran.MySchdulesTests";
				PRODUCT_NAME = "$(TARGET_NAME)";
				SWIFT_EMIT_LOC_STRINGS = NO;
				SWIFT_VERSION = 5.0;
				TARGETED_DEVICE_FAMILY = "1,2";
				TEST_HOST = "$(BUILT_PRODUCTS_DIR)/MySchdules.app/$(BUNDLE_EXECUTABLE_FOLDER_PATH)/MySchdules";
			};
			name = Debug;
		};
		B48BA8282E049EEB0060DCD3 /* Release */ = {
			isa = XCBuildConfiguration;
			buildSettings = {
				BUNDLE_LOADER = "$(TEST_HOST)";
				CODE_SIGN_STYLE = Automatic;
				CURRENT_PROJECT_VERSION = 1;
				GENERATE_INFOPLIST_FILE = YES;
				IPHONEOS_DEPLOYMENT_TARGET = 18.5;
				MARKETING_VERSION = 1.0;
				PRODUCT_BUNDLE_IDENTIFIER = "Rajendran-Eshwaran.MySchdulesTests";
				PRODUCT_NAME = "$(TARGET_NAME)";
				SWIFT_EMIT_LOC_STRINGS = NO;
				SWIFT_VERSION = 5.0;
				TARGETED_DEVICE_FAMILY = "1,2";
				TEST_HOST = "$(BUILT_PRODUCTS_DIR)/MySchdules.app/$(BUNDLE_EXECUTABLE_FOLDER_PATH)/MySchdules";
			};
			name = Release;
		};
		B48BA82A2E049EEB0060DCD3 /* Debug */ = {
			isa = XCBuildConfiguration;
			buildSettings = {
				CODE_SIGN_STYLE = Automatic;
				CURRENT_PROJECT_VERSION = 1;
				GENERATE_INFOPLIST_FILE = YES;
				MARKETING_VERSION = 1.0;
				PRODUCT_BUNDLE_IDENTIFIER = "Rajendran-Eshwaran.MySchdulesUITests";
				PRODUCT_NAME = "$(TARGET_NAME)";
				SWIFT_EMIT_LOC_STRINGS = NO;
				SWIFT_VERSION = 5.0;
				TARGETED_DEVICE_FAMILY = "1,2";
				TEST_TARGET_NAME = MySchdules;
			};
			name = Debug;
		};
		B48BA82B2E049EEB0060DCD3 /* Release */ = {
			isa = XCBuildConfiguration;
			buildSettings = {
				CODE_SIGN_STYLE = Automatic;
				CURRENT_PROJECT_VERSION = 1;
				GENERATE_INFOPLIST_FILE = YES;
				MARKETING_VERSION = 1.0;
				PRODUCT_BUNDLE_IDENTIFIER = "Rajendran-Eshwaran.MySchdulesUITests";
				PRODUCT_NAME = "$(TARGET_NAME)";
				SWIFT_EMIT_LOC_STRINGS = NO;
				SWIFT_VERSION = 5.0;
				TARGETED_DEVICE_FAMILY = "1,2";
				TEST_TARGET_NAME = MySchdules;
			};
			name = Release;
		};
/* End XCBuildConfiguration section */

/* Begin XCConfigurationList section */
		B48BA7FD2E049EEA0060DCD3 /* Build configuration list for PBXProject "MySchdules" */ = {
			isa = XCConfigurationList;
			buildConfigurations = (
				B48BA8212E049EEB0060DCD3 /* Debug */,
				B48BA8222E049EEB0060DCD3 /* Release */,
			);
			defaultConfigurationIsVisible = 0;
			defaultConfigurationName = Release;
		};
		B48BA8232E049EEB0060DCD3 /* Build configuration list for PBXNativeTarget "MySchdules" */ = {
			isa = XCConfigurationList;
			buildConfigurations = (
				B48BA8242E049EEB0060DCD3 /* Debug */,
				B48BA8252E049EEB0060DCD3 /* Release */,
			);
			defaultConfigurationIsVisible = 0;
			defaultConfigurationName = Release;
		};
		B48BA8262E049EEB0060DCD3 /* Build configuration list for PBXNativeTarget "MySchdulesTests" */ = {
			isa = XCConfigurationList;
			buildConfigurations = (
				B48BA8272E049EEB0060DCD3 /* Debug */,
				B48BA8282E049EEB0060DCD3 /* Release */,
			);
			defaultConfigurationIsVisible = 0;
			defaultConfigurationName = Release;
		};
		B48BA8292E049EEB0060DCD3 /* Build configuration list for PBXNativeTarget "MySchdulesUITests" */ = {
			isa = XCConfigurationList;
			buildConfigurations = (
				B48BA82A2E049EEB0060DCD3 /* Debug */,
				B48BA82B2E049EEB0060DCD3 /* Release */,
			);
			defaultConfigurationIsVisible = 0;
			defaultConfigurationName = Release;
		};
/* End XCConfigurationList section */
	};
	rootObject = B48BA7FA2E049EEA0060DCD3 /* Project object */;
}
